
Microsoft Visual Studio Solution File, Format Version 12.00
# Visual Studio Version 17
VisualStudioVersion = 17.14.36408.4
MinimumVisualStudioVersion = 10.0.40219.1
Project("{FAE04EC0-301F-11D3-BF4B-00C04F79EFBC}") = "NexusDev Dashboard", "NexusDev Dashboard.csproj", "{5E6851DD-DE61-4BDC-A49A-310CE39DD997}"
EndProject
Global
	GlobalSection(SolutionConfigurationPlatforms) = preSolution
		Release|Any CPU = Release|Any CPU
	EndGlobalSection
	GlobalSection(ProjectConfigurationPlatforms) = postSolution
		{5E6851DD-DE61-4BDC-A49A-310CE39DD997}.Release|Any CPU.ActiveCfg = Release|Any CPU
		{5E6851DD-DE61-4BDC-A49A-310CE39DD997}.Release|Any CPU.Build.0 = Release|Any CPU
	EndGlobalSection
	GlobalSection(SolutionProperties) = preSolution
		HideSolutionNode = FALSE
	EndGlobalSection
	GlobalSection(ExtensibilityGlobals) = postSolution
		SolutionGuid = {79EED09F-6932-43C5-BA60-3023D838FAB5}
	EndGlobalSection
EndGlobal
